Microsoft Visual Studio Solution File, Format Version 7.00
Project("{FAE04EC0-301F-11D3-BF4B-00C04F79EFBC}") = "security_cs", "http://localhost/cs18/security_cs.csproj", "{40F1FA3C-6E65-4998-BA84-491E8BD8A772}"
EndProject
Global
	GlobalSection(SolutionConfiguration) = preSolution
		ConfigName.0 = Debug
		ConfigName.1 = Release
	EndGlobalSection
	GlobalSection(ProjectDependencies) = postSolution
	EndGlobalSection
	GlobalSection(ProjectConfiguration) = postSolution
		{40F1FA3C-6E65-4998-BA84-491E8BD8A772}.Debug.ActiveCfg = Debug|.NET
		{40F1FA3C-6E65-4998-BA84-491E8BD8A772}.Debug.Build.0 = Debug|.NET
		{40F1FA3C-6E65-4998-BA84-491E8BD8A772}.Release.ActiveCfg = Release|.NET
		{40F1FA3C-6E65-4998-BA84-491E8BD8A772}.Release.Build.0 = Release|.NET
	EndGlobalSection
	GlobalSection(ExtensibilityGlobals) = postSolution
	EndGlobalSection
	GlobalSection(ExtensibilityAddIns) = postSolution
	EndGlobalSection
EndGlobal
