Microsoft Visual Studio Solution File, Format Version 7.00
Project("{FAE04EC0-301F-11D3-BF4B-00C04F79EFBC}") = "webmail_cs", "http://localhost/cs24/webmail_cs.csproj", "{F26D34C4-3911-41EA-B6A8-548D28CFFB3F}"
EndProject
Global
	GlobalSection(SolutionConfiguration) = preSolution
		ConfigName.0 = Debug
		ConfigName.1 = Release
	EndGlobalSection
	GlobalSection(ProjectDependencies) = postSolution
	EndGlobalSection
	GlobalSection(ProjectConfiguration) = postSolution
		{F26D34C4-3911-41EA-B6A8-548D28CFFB3F}.Debug.ActiveCfg = Debug|.NET
		{F26D34C4-3911-41EA-B6A8-548D28CFFB3F}.Debug.Build.0 = Debug|.NET
		{F26D34C4-3911-41EA-B6A8-548D28CFFB3F}.Release.ActiveCfg = Release|.NET
		{F26D34C4-3911-41EA-B6A8-548D28CFFB3F}.Release.Build.0 = Release|.NET
	EndGlobalSection
	GlobalSection(ExtensibilityGlobals) = postSolution
	EndGlobalSection
	GlobalSection(ExtensibilityAddIns) = postSolution
	EndGlobalSection
EndGlobal
