Microsoft Visual Studio Solution File, Format Version 7.00
Project("{FAE04EC0-301F-11D3-BF4B-00C04F79EFBC}") = "tiptech_cs", "http://localhost/cs21/tiptech_cs.csproj", "{939A978C-12A4-4D55-A1B1-1339D501A442}"
EndProject
Global
	GlobalSection(SolutionConfiguration) = preSolution
		ConfigName.0 = Debug
		ConfigName.1 = Release
	EndGlobalSection
	GlobalSection(ProjectDependencies) = postSolution
	EndGlobalSection
	GlobalSection(ProjectConfiguration) = postSolution
		{939A978C-12A4-4D55-A1B1-1339D501A442}.Debug.ActiveCfg = Debug|.NET
		{939A978C-12A4-4D55-A1B1-1339D501A442}.Debug.Build.0 = Debug|.NET
		{939A978C-12A4-4D55-A1B1-1339D501A442}.Release.ActiveCfg = Release|.NET
		{939A978C-12A4-4D55-A1B1-1339D501A442}.Release.Build.0 = Release|.NET
	EndGlobalSection
	GlobalSection(ExtensibilityGlobals) = postSolution
	EndGlobalSection
	GlobalSection(ExtensibilityAddIns) = postSolution
	EndGlobalSection
EndGlobal
