Microsoft Visual Studio Solution File, Format Version 7.00
Project("{FAE04EC0-301F-11D3-BF4B-00C04F79EFBC}") = "list2_cs", "http://localhost/list2_cs/list2_cs.csproj", "{CA6A571A-1B01-4A73-964D-A649E5DD76F9}"
EndProject
Global
	GlobalSection(SolutionConfiguration) = preSolution
		ConfigName.0 = Debug
		ConfigName.1 = Release
	EndGlobalSection
	GlobalSection(ProjectDependencies) = postSolution
	EndGlobalSection
	GlobalSection(ProjectConfiguration) = postSolution
		{CA6A571A-1B01-4A73-964D-A649E5DD76F9}.Debug.ActiveCfg = Debug|.NET
		{CA6A571A-1B01-4A73-964D-A649E5DD76F9}.Debug.Build.0 = Debug|.NET
		{CA6A571A-1B01-4A73-964D-A649E5DD76F9}.Release.ActiveCfg = Release|.NET
		{CA6A571A-1B01-4A73-964D-A649E5DD76F9}.Release.Build.0 = Release|.NET
	EndGlobalSection
	GlobalSection(ExtensibilityGlobals) = postSolution
	EndGlobalSection
	GlobalSection(ExtensibilityAddIns) = postSolution
	EndGlobalSection
EndGlobal
