Microsoft Visual Studio Solution File, Format Version 7.00
Project("{F184B08F-C81C-45F6-A57F-5ABD9991F28F}") = "guestbook_vb", "http://localhost/vb22/guestbook_vb.vbproj", "{73B3C1D0-9D2B-45AC-89E3-1BC49F752339}"
EndProject
Global
	GlobalSection(SolutionConfiguration) = preSolution
		ConfigName.0 = Debug
		ConfigName.1 = Release
	EndGlobalSection
	GlobalSection(ProjectDependencies) = postSolution
	EndGlobalSection
	GlobalSection(ProjectConfiguration) = postSolution
		{73B3C1D0-9D2B-45AC-89E3-1BC49F752339}.Debug.ActiveCfg = Debug|.NET
		{73B3C1D0-9D2B-45AC-89E3-1BC49F752339}.Debug.Build.0 = Debug|.NET
		{73B3C1D0-9D2B-45AC-89E3-1BC49F752339}.Release.ActiveCfg = Release|.NET
		{73B3C1D0-9D2B-45AC-89E3-1BC49F752339}.Release.Build.0 = Release|.NET
	EndGlobalSection
	GlobalSection(ExtensibilityGlobals) = postSolution
	EndGlobalSection
	GlobalSection(ExtensibilityAddIns) = postSolution
	EndGlobalSection
EndGlobal
